{
  "name": "Social Media App",
  "lockfileVersion": 3,
  "requires": true,
  "packages": {
    "": {
      "dependencies": {
        "amqplib": "^1.0.3",
        "react-intersection-observer": "^9.16.0"
      }
    },
    "node_modules/amqplib": {
      "version": "1.0.3",
      "resolved": "https://registry.npmjs.org/amqplib/-/amqplib-1.0.3.tgz",
      "integrity": "sha512-nsrXa59tvX4HPjPPW8JJGuBb/Db0MOq3DOhGdSbIY7bTsQDMV2fmF9c3i74g/8Gt9+QWyrxfEPppOOoV9lK1uQ==",
      "license": "MIT",
      "dependencies": {
        "buffer-more-ints": "~1.0.0"
      },
      "engines": {
        "node": ">=18"
      }
    },
    "node_modules/buffer-more-ints": {
      "version": "1.0.0",
      "resolved": "https://registry.npmjs.org/buffer-more-ints/-/buffer-more-ints-1.0.0.tgz",
      "integrity": "sha512-EMetuGFz5SLsT0QTnXzINh4Ksr+oo4i+UGTXEshiGCQWnsgSs7ZhJ8fzlwQ+OzEMs0MpDAMr1hxnblp5a4vcHg==",
      "license": "MIT"
    },
    "node_modules/react": {
      "version": "19.1.0",
      "resolved": "https://registry.npmjs.org/react/-/react-19.1.0.tgz",
      "integrity": "sha512-FS+XFBNvn3GTAWq26joslQgWNoFu08F4kl0J4CgdNKADkdSGXQyTCnKteIAJy96Br6YbpEU1LSzV5dYtjMkMDg==",
      "peer": true,
      "engines": {
        "node": ">=0.10.0"
      }
    },
    "node_modules/react-intersection-observer": {
      "version": "9.16.0",
      "resolved": "https://registry.npmjs.org/react-intersection-observer/-/react-intersection-observer-9.16.0.tgz",
      "integrity": "sha512-w9nJSEp+DrW9KmQmeWHQyfaP6b03v+TdXynaoA964Wxt7mdR3An11z4NNCQgL4gKSK7y1ver2Fq+JKH6CWEzUA==",
      "peerDependencies": {
        "react": "^17.0.0 || ^18.0.0 || ^19.0.0",
        "react-dom": "^17.0.0 || ^18.0.0 || ^19.0.0"
      },
      "peerDependenciesMeta": {
        "react-dom": {
          "optional": true
        }
      }
    }
  }
}
